
Microsoft Visual Studio Solution File, Format Version 12.00
# Visual Studio Version 17
VisualStudioVersion = 17.8.34316.72
MinimumVisualStudioVersion = 10.0.40219.1
Project("{9A19103F-16F7-4668-BE54-9A1E7A4F7556}") = "AviAPI", "AviAPI\AviAPI.csproj", "{541D1AC2-FF20-46A6-9870-E69238984B3D}"
EndProject
Project("{9A19103F-16F7-4668-BE54-9A1E7A4F7556}") = "AviPriceUI", "AviPriceUI\AviPriceUI.csproj", "{6FA11014-BDB1-4130-94F5-E0B02E37BA4C}"
EndProject
Global
	GlobalSection(SolutionConfigurationPlatforms) = preSolution
		Debug|Any CPU = Debug|Any CPU
		Release|Any CPU = Release|Any CPU
	EndGlobalSection
	GlobalSection(ProjectConfigurationPlatforms) = postSolution
		{541D1AC2-FF20-46A6-9870-E69238984B3D}.Debug|Any CPU.ActiveCfg = Debug|Any CPU
		{541D1AC2-FF20-46A6-9870-E69238984B3D}.Debug|Any CPU.Build.0 = Debug|Any CPU
		{541D1AC2-FF20-46A6-9870-E69238984B3D}.Release|Any CPU.ActiveCfg = Release|Any CPU
		{541D1AC2-FF20-46A6-9870-E69238984B3D}.Release|Any CPU.Build.0 = Release|Any CPU
		{6FA11014-BDB1-4130-94F5-E0B02E37BA4C}.Debug|Any CPU.ActiveCfg = Debug|Any CPU
		{6FA11014-BDB1-4130-94F5-E0B02E37BA4C}.Debug|Any CPU.Build.0 = Debug|Any CPU
		{6FA11014-BDB1-4130-94F5-E0B02E37BA4C}.Release|Any CPU.ActiveCfg = Release|Any CPU
		{6FA11014-BDB1-4130-94F5-E0B02E37BA4C}.Release|Any CPU.Build.0 = Release|Any CPU
	EndGlobalSection
	GlobalSection(SolutionProperties) = preSolution
		HideSolutionNode = FALSE
	EndGlobalSection
	GlobalSection(ExtensibilityGlobals) = postSolution
		SolutionGuid = {0CC68017-3D94-4CB8-AA6F-E4892C0DA6E2}
	EndGlobalSection
EndGlobal
